
Microsoft Visual Studio Solution File, Format Version 12.00
# Visual Studio Version 16
VisualStudioVersion = 16.0.29911.84
MinimumVisualStudioVersion = 10.0.40219.1
Project("{9A19103F-16F7-4668-BE54-9A1E7A4F7556}") = "BlazorBootstrap4Table", "BlazorBootstrap4Table.csproj", "{E3897D30-1522-4158-88C5-616369BA189C}"
EndProject
Global
	GlobalSection(SolutionConfigurationPlatforms) = preSolution
		Debug|Any CPU = Debug|Any CPU
		Release|Any CPU = Release|Any CPU
	EndGlobalSection
	GlobalSection(ProjectConfigurationPlatforms) = postSolution
		{E3897D30-1522-4158-88C5-616369BA189C}.Debug|Any CPU.ActiveCfg = Debug|Any CPU
		{E3897D30-1522-4158-88C5-616369BA189C}.Debug|Any CPU.Build.0 = Debug|Any CPU
		{E3897D30-1522-4158-88C5-616369BA189C}.Release|Any CPU.ActiveCfg = Release|Any CPU
		{E3897D30-1522-4158-88C5-616369BA189C}.Release|Any CPU.Build.0 = Release|Any CPU
	EndGlobalSection
	GlobalSection(SolutionProperties) = preSolution
		HideSolutionNode = FALSE
	EndGlobalSection
	GlobalSection(ExtensibilityGlobals) = postSolution
		SolutionGuid = {1698B2F1-AD05-4BDC-81AB-5C47D7F3C0A1}
	EndGlobalSection
EndGlobal
